Microsoft Visual Studio Solution File, Format Version 12.00
# Visual Studio 15
VisualStudioVersion = 15.0.28010.2046
MinimumVisualStudioVersion = 10.0.40219.1
Project("{9A19103F-16F7-4668-BE54-9A1E7A4F7556}") = "Silo.Config", "Silo.Config\Silo.Config.csproj", "{4D7D637C-8CD7-4D80-A60D-5581E85EF4AE}"
EndProject
Project("{9A19103F-16F7-4668-BE54-9A1E7A4F7556}") = "WEBAPI.PushSDK", "WEBAPI.PushSDK\WEBAPI.PushSDK.csproj", "{E2751C4F-D9CC-4364-BC7A-23BACD2C1BBD}"
	ProjectSection(ProjectDependencies) = postProject
		{7585DC38-6194-46A1-9954-58C91943A218} = {7585DC38-6194-46A1-9954-58C91943A218}
	EndProjectSection
EndProject
Project("{9A19103F-16F7-4668-BE54-9A1E7A4F7556}") = "Silo.Client", "Silo.Client\Silo.Client.csproj", "{7585DC38-6194-46A1-9954-58C91943A218}"
EndProject
Project("{9A19103F-16F7-4668-BE54-9A1E7A4F7556}") = "Silo.Grains", "Silo.Grains\Silo.Grains.csproj", "{CAE3C5D2-0FEB-446C-AA6E-15ED24C3BEDE}"
EndProject
Project("{9A19103F-16F7-4668-BE54-9A1E7A4F7556}") = "WEBAPI.FrontEnd", "WEBAPI.FrontEnd\WEBAPI.FrontEnd.csproj", "{02DDE272-8840-4BB3-AECE-E0296375485A}"
EndProject
Project("{2150E333-8FDC-42A3-9474-1A3956D46DE8}") = "Tests", "Tests", "{DCE6DCFB-728C-4865-B76A-961BA677C4E6}"
EndProject
Project("{9A19103F-16F7-4668-BE54-9A1E7A4F7556}") = "WEBAPI.FrontEnd.UnitTests", "WEBAPI.FrontEnd.UnitTests\WEBAPI.FrontEnd.UnitTests.csproj", "{94457283-9EB0-4897-92FB-E84132192FF3}"
EndProject
Project("{2150E333-8FDC-42A3-9474-1A3956D46DE8}") = "Database", "Database", "{74C3E1F4-F0F8-42C2-A526-4A25F118AE1C}"
EndProject
Project("{9A19103F-16F7-4668-BE54-9A1E7A4F7556}") = "Database.SiloDatabaseGenerator", "Database.SiloDatabaseGenerator\Database.SiloDatabaseGenerator.csproj", "{6CDCD15F-1A4B-43E9-B48A-23B9CE93AE91}"
EndProject
Project("{2150E333-8FDC-42A3-9474-1A3956D46DE8}") = "WEBAPI", "WEBAPI", "{528442F6-FDA5-42D3-9AC4-0CF41BC2B834}"
EndProject
Project("{2150E333-8FDC-42A3-9474-1A3956D46DE8}") = "WEBAPITests", "WEBAPITests", "{869303E2-4D0E-4E0E-AA01-C1B2C3344C19}"
EndProject
Project("{2150E333-8FDC-42A3-9474-1A3956D46DE8}") = "DatabaseTests", "DatabaseTests", "{8B9E870E-775C-4AEB-B314-3B9CE335A973}"
EndProject
Project("{9A19103F-16F7-4668-BE54-9A1E7A4F7556}") = "Database.SiloDatabaseGenerator.UnitTests", "Database.SiloDatabaseGenerator.UnitTests\Database.SiloDatabaseGenerator.UnitTests.csproj", "{425715C9-546A-4E74-8F23-23FBDDB58228}"
EndProject
Project("{9A19103F-16F7-4668-BE54-9A1E7A4F7556}") = "Database.Common", "Database.Common\Database.Common.csproj", "{C422A3E7-A460-4E57-B28D-67DBA20F0C56}"
EndProject
Project("{2150E333-8FDC-42A3-9474-1A3956D46DE8}") = "Silo", "Silo", "{836FF459-EC63-43A9-8959-B3FEA53BA6D9}"
EndProject
Project("{9A19103F-16F7-4668-BE54-9A1E7A4F7556}") = "Silo.Common", "Silo.Common\Silo.Common.csproj", "{B1CB0F55-7987-4090-B5F1-730B47B04343}"
EndProject
Project("{9A19103F-16F7-4668-BE54-9A1E7A4F7556}") = "Silo.Server", "Silo.Server\Silo.Server.csproj", "{2376EFEA-90B4-405E-9AC3-3F8B7D43C480}"
EndProject
Project("{9A19103F-16F7-4668-BE54-9A1E7A4F7556}") = "Silo.Interfaces", "Silo.Interfaces\Silo.Interfaces.csproj", "{C5AED798-3ED8-4AC4-9282-977515901204}"
EndProject
Project("{9A19103F-16F7-4668-BE54-9A1E7A4F7556}") = "Database.DapperConnectionFactory", "Database.DapperConnectionFactory\Database.DapperConnectionFactory.csproj", "{D73146B5-A57F-40B7-A34A-0B9229E51FC5}"
EndProject
Project("{9A19103F-16F7-4668-BE54-9A1E7A4F7556}") = "Database.DapperConnectionFactory.UnitTests", "Database.DapperConnectionFactory.UnitTests\Database.DapperConnectionFactory.UnitTests.csproj", "{91CD8BE6-2698-4867-8B3B-990808E4BBAF}"
EndProject
Project("{9A19103F-16F7-4668-BE54-9A1E7A4F7556}") = "Database.IDatabase", "Database.IDatabase\Database.IDatabase.csproj", "{75F5A7F5-90EB-4311-A2FC-844C16CA72A5}"
EndProject
Global
	GlobalSection(SolutionConfigurationPlatforms) = preSolution
		Debug|Any CPU = Debug|Any CPU
		Release|Any CPU = Release|Any CPU
	EndGlobalSection
	GlobalSection(ProjectConfigurationPlatforms) = postSolution
		{4D7D637C-8CD7-4D80-A60D-5581E85EF4AE}.Debug|Any CPU.ActiveCfg = Debug|Any CPU
		{4D7D637C-8CD7-4D80-A60D-5581E85EF4AE}.Debug|Any CPU.Build.0 = Debug|Any CPU
		{4D7D637C-8CD7-4D80-A60D-5581E85EF4AE}.Release|Any CPU.ActiveCfg = Release|Any CPU
		{4D7D637C-8CD7-4D80-A60D-5581E85EF4AE}.Release|Any CPU.Build.0 = Release|Any CPU
		{E2751C4F-D9CC-4364-BC7A-23BACD2C1BBD}.Debug|Any CPU.ActiveCfg = Debug|Any CPU
		{E2751C4F-D9CC-4364-BC7A-23BACD2C1BBD}.Debug|Any CPU.Build.0 = Debug|Any CPU
		{E2751C4F-D9CC-4364-BC7A-23BACD2C1BBD}.Release|Any CPU.ActiveCfg = Release|Any CPU
		{E2751C4F-D9CC-4364-BC7A-23BACD2C1BBD}.Release|Any CPU.Build.0 = Release|Any CPU
		{7585DC38-6194-46A1-9954-58C91943A218}.Debug|Any CPU.ActiveCfg = Debug|Any CPU
		{7585DC38-6194-46A1-9954-58C91943A218}.Debug|Any CPU.Build.0 = Debug|Any CPU
		{7585DC38-6194-46A1-9954-58C91943A218}.Release|Any CPU.ActiveCfg = Release|Any CPU
		{7585DC38-6194-46A1-9954-58C91943A218}.Release|Any CPU.Build.0 = Release|Any CPU
		{CAE3C5D2-0FEB-446C-AA6E-15ED24C3BEDE}.Debug|Any CPU.ActiveCfg = Debug|Any CPU
		{CAE3C5D2-0FEB-446C-AA6E-15ED24C3BEDE}.Debug|Any CPU.Build.0 = Debug|Any CPU
		{CAE3C5D2-0FEB-446C-AA6E-15ED24C3BEDE}.Release|Any CPU.ActiveCfg = Release|Any CPU
		{CAE3C5D2-0FEB-446C-AA6E-15ED24C3BEDE}.Release|Any CPU.Build.0 = Release|Any CPU
		{02DDE272-8840-4BB3-AECE-E0296375485A}.Debug|Any CPU.ActiveCfg = Debug|Any CPU
		{02DDE272-8840-4BB3-AECE-E0296375485A}.Debug|Any CPU.Build.0 = Debug|Any CPU
		{02DDE272-8840-4BB3-AECE-E0296375485A}.Release|Any CPU.ActiveCfg = Release|Any CPU
		{02DDE272-8840-4BB3-AECE-E0296375485A}.Release|Any CPU.Build.0 = Release|Any CPU
		{94457283-9EB0-4897-92FB-E84132192FF3}.Debug|Any CPU.ActiveCfg = Debug|Any CPU
		{94457283-9EB0-4897-92FB-E84132192FF3}.Debug|Any CPU.Build.0 = Debug|Any CPU
		{94457283-9EB0-4897-92FB-E84132192FF3}.Release|Any CPU.ActiveCfg = Release|Any CPU
		{94457283-9EB0-4897-92FB-E84132192FF3}.Release|Any CPU.Build.0 = Release|Any CPU
		{6CDCD15F-1A4B-43E9-B48A-23B9CE93AE91}.Debug|Any CPU.ActiveCfg = Debug|Any CPU
		{6CDCD15F-1A4B-43E9-B48A-23B9CE93AE91}.Debug|Any CPU.Build.0 = Debug|Any CPU
		{6CDCD15F-1A4B-43E9-B48A-23B9CE93AE91}.Release|Any CPU.ActiveCfg = Release|Any CPU
		{6CDCD15F-1A4B-43E9-B48A-23B9CE93AE91}.Release|Any CPU.Build.0 = Release|Any CPU
		{425715C9-546A-4E74-8F23-23FBDDB58228}.Debug|Any CPU.ActiveCfg = Debug|Any CPU
		{425715C9-546A-4E74-8F23-23FBDDB58228}.Debug|Any CPU.Build.0 = Debug|Any CPU
		{425715C9-546A-4E74-8F23-23FBDDB58228}.Release|Any CPU.ActiveCfg = Release|Any CPU
		{425715C9-546A-4E74-8F23-23FBDDB58228}.Release|Any CPU.Build.0 = Release|Any CPU
		{C422A3E7-A460-4E57-B28D-67DBA20F0C56}.Debug|Any CPU.ActiveCfg = Debug|Any CPU
		{C422A3E7-A460-4E57-B28D-67DBA20F0C56}.Debug|Any CPU.Build.0 = Debug|Any CPU
		{C422A3E7-A460-4E57-B28D-67DBA20F0C56}.Release|Any CPU.ActiveCfg = Release|Any CPU
		{C422A3E7-A460-4E57-B28D-67DBA20F0C56}.Release|Any CPU.Build.0 = Release|Any CPU
		{B1CB0F55-7987-4090-B5F1-730B47B04343}.Debug|Any CPU.ActiveCfg = Debug|Any CPU
		{B1CB0F55-7987-4090-B5F1-730B47B04343}.Debug|Any CPU.Build.0 = Debug|Any CPU
		{B1CB0F55-7987-4090-B5F1-730B47B04343}.Release|Any CPU.ActiveCfg = Release|Any CPU
		{B1CB0F55-7987-4090-B5F1-730B47B04343}.Release|Any CPU.Build.0 = Release|Any CPU
		{2376EFEA-90B4-405E-9AC3-3F8B7D43C480}.Debug|Any CPU.ActiveCfg = Debug|Any CPU
		{2376EFEA-90B4-405E-9AC3-3F8B7D43C480}.Debug|Any CPU.Build.0 = Debug|Any CPU
		{2376EFEA-90B4-405E-9AC3-3F8B7D43C480}.Release|Any CPU.ActiveCfg = Release|Any CPU
		{2376EFEA-90B4-405E-9AC3-3F8B7D43C480}.Release|Any CPU.Build.0 = Release|Any CPU
		{C5AED798-3ED8-4AC4-9282-977515901204}.Debug|Any CPU.ActiveCfg = Debug|Any CPU
		{C5AED798-3ED8-4AC4-9282-977515901204}.Debug|Any CPU.Build.0 = Debug|Any CPU
		{C5AED798-3ED8-4AC4-9282-977515901204}.Release|Any CPU.ActiveCfg = Release|Any CPU
		{C5AED798-3ED8-4AC4-9282-977515901204}.Release|Any CPU.Build.0 = Release|Any CPU
		{D73146B5-A57F-40B7-A34A-0B9229E51FC5}.Debug|Any CPU.ActiveCfg = Debug|Any CPU
		{D73146B5-A57F-40B7-A34A-0B9229E51FC5}.Debug|Any CPU.Build.0 = Debug|Any CPU
		{D73146B5-A57F-40B7-A34A-0B9229E51FC5}.Release|Any CPU.ActiveCfg = Release|Any CPU
		{D73146B5-A57F-40B7-A34A-0B9229E51FC5}.Release|Any CPU.Build.0 = Release|Any CPU
		{91CD8BE6-2698-4867-8B3B-990808E4BBAF}.Debug|Any CPU.ActiveCfg = Debug|Any CPU
		{91CD8BE6-2698-4867-8B3B-990808E4BBAF}.Debug|Any CPU.Build.0 = Debug|Any CPU
		{91CD8BE6-2698-4867-8B3B-990808E4BBAF}.Release|Any CPU.ActiveCfg = Release|Any CPU
		{91CD8BE6-2698-4867-8B3B-990808E4BBAF}.Release|Any CPU.Build.0 = Release|Any CPU
		{75F5A7F5-90EB-4311-A2FC-844C16CA72A5}.Debug|Any CPU.ActiveCfg = Debug|Any CPU
		{75F5A7F5-90EB-4311-A2FC-844C16CA72A5}.Debug|Any CPU.Build.0 = Debug|Any CPU
		{75F5A7F5-90EB-4311-A2FC-844C16CA72A5}.Release|Any CPU.ActiveCfg = Release|Any CPU
		{75F5A7F5-90EB-4311-A2FC-844C16CA72A5}.Release|Any CPU.Build.0 = Release|Any CPU
	EndGlobalSection
	GlobalSection(SolutionProperties) = preSolution
		HideSolutionNode = FALSE
	EndGlobalSection
	GlobalSection(NestedProjects) = preSolution
		{4D7D637C-8CD7-4D80-A60D-5581E85EF4AE} = {836FF459-EC63-43A9-8959-B3FEA53BA6D9}
		{E2751C4F-D9CC-4364-BC7A-23BACD2C1BBD} = {528442F6-FDA5-42D3-9AC4-0CF41BC2B834}
		{7585DC38-6194-46A1-9954-58C91943A218} = {836FF459-EC63-43A9-8959-B3FEA53BA6D9}
		{CAE3C5D2-0FEB-446C-AA6E-15ED24C3BEDE} = {836FF459-EC63-43A9-8959-B3FEA53BA6D9}
		{02DDE272-8840-4BB3-AECE-E0296375485A} = {528442F6-FDA5-42D3-9AC4-0CF41BC2B834}
		{94457283-9EB0-4897-92FB-E84132192FF3} = {869303E2-4D0E-4E0E-AA01-C1B2C3344C19}
		{6CDCD15F-1A4B-43E9-B48A-23B9CE93AE91} = {74C3E1F4-F0F8-42C2-A526-4A25F118AE1C}
		{869303E2-4D0E-4E0E-AA01-C1B2C3344C19} = {DCE6DCFB-728C-4865-B76A-961BA677C4E6}
		{8B9E870E-775C-4AEB-B314-3B9CE335A973} = {DCE6DCFB-728C-4865-B76A-961BA677C4E6}
		{425715C9-546A-4E74-8F23-23FBDDB58228} = {8B9E870E-775C-4AEB-B314-3B9CE335A973}
		{C422A3E7-A460-4E57-B28D-67DBA20F0C56} = {74C3E1F4-F0F8-42C2-A526-4A25F118AE1C}
		{B1CB0F55-7987-4090-B5F1-730B47B04343} = {836FF459-EC63-43A9-8959-B3FEA53BA6D9}
		{2376EFEA-90B4-405E-9AC3-3F8B7D43C480} = {836FF459-EC63-43A9-8959-B3FEA53BA6D9}
		{C5AED798-3ED8-4AC4-9282-977515901204} = {836FF459-EC63-43A9-8959-B3FEA53BA6D9}
		{D73146B5-A57F-40B7-A34A-0B9229E51FC5} = {74C3E1F4-F0F8-42C2-A526-4A25F118AE1C}
		{91CD8BE6-2698-4867-8B3B-990808E4BBAF} = {8B9E870E-775C-4AEB-B314-3B9CE335A973}
		{75F5A7F5-90EB-4311-A2FC-844C16CA72A5} = {74C3E1F4-F0F8-42C2-A526-4A25F118AE1C}
	EndGlobalSection
	GlobalSection(ExtensibilityGlobals) = postSolution
		SolutionGuid = {0D7C31F6-C28D-46F3-B06E-6796EB88FF15}
	EndGlobalSection
EndGlobal
