
Microsoft Visual Studio Solution File, Format Version 12.00
# Visual Studio 15
VisualStudioVersion = 15.0.28010.2046
MinimumVisualStudioVersion = 10.0.40219.1
Project("{9A19103F-16F7-4668-BE54-9A1E7A4F7556}") = "Silo", "Silo\Silo.csproj", "{B151722F-9ACB-4C74-B40E-F4F5C6084D7A}"
EndProject
Project("{9A19103F-16F7-4668-BE54-9A1E7A4F7556}") = "SiloConfig", "SiloConfig\SiloConfig.csproj", "{4D7D637C-8CD7-4D80-A60D-5581E85EF4AE}"
EndProject
Project("{9A19103F-16F7-4668-BE54-9A1E7A4F7556}") = "Interfaces", "Interfaces\Interfaces.csproj", "{963A15E9-6EF3-47CE-943E-DCA7BA24E90A}"
EndProject
Project("{9A19103F-16F7-4668-BE54-9A1E7A4F7556}") = "CommonData", "CommonData\CommonData.csproj", "{1911E9AE-5063-4DED-A712-3659494E30E5}"
EndProject
Project("{9A19103F-16F7-4668-BE54-9A1E7A4F7556}") = "WEBAPI.PushSDK", "WEBAPI.PushSDK\WEBAPI.PushSDK.csproj", "{E2751C4F-D9CC-4364-BC7A-23BACD2C1BBD}"
EndProject
Global
	GlobalSection(SolutionConfigurationPlatforms) = preSolution
		Debug|Any CPU = Debug|Any CPU
		Release|Any CPU = Release|Any CPU
	EndGlobalSection
	GlobalSection(ProjectConfigurationPlatforms) = postSolution
		{B151722F-9ACB-4C74-B40E-F4F5C6084D7A}.Debug|Any CPU.ActiveCfg = Debug|Any CPU
		{B151722F-9ACB-4C74-B40E-F4F5C6084D7A}.Debug|Any CPU.Build.0 = Debug|Any CPU
		{B151722F-9ACB-4C74-B40E-F4F5C6084D7A}.Release|Any CPU.ActiveCfg = Release|Any CPU
		{B151722F-9ACB-4C74-B40E-F4F5C6084D7A}.Release|Any CPU.Build.0 = Release|Any CPU
		{4D7D637C-8CD7-4D80-A60D-5581E85EF4AE}.Debug|Any CPU.ActiveCfg = Debug|Any CPU
		{4D7D637C-8CD7-4D80-A60D-5581E85EF4AE}.Debug|Any CPU.Build.0 = Debug|Any CPU
		{4D7D637C-8CD7-4D80-A60D-5581E85EF4AE}.Release|Any CPU.ActiveCfg = Release|Any CPU
		{4D7D637C-8CD7-4D80-A60D-5581E85EF4AE}.Release|Any CPU.Build.0 = Release|Any CPU
		{963A15E9-6EF3-47CE-943E-DCA7BA24E90A}.Debug|Any CPU.ActiveCfg = Debug|Any CPU
		{963A15E9-6EF3-47CE-943E-DCA7BA24E90A}.Debug|Any CPU.Build.0 = Debug|Any CPU
		{963A15E9-6EF3-47CE-943E-DCA7BA24E90A}.Release|Any CPU.ActiveCfg = Release|Any CPU
		{963A15E9-6EF3-47CE-943E-DCA7BA24E90A}.Release|Any CPU.Build.0 = Release|Any CPU
		{1911E9AE-5063-4DED-A712-3659494E30E5}.Debug|Any CPU.ActiveCfg = Debug|Any CPU
		{1911E9AE-5063-4DED-A712-3659494E30E5}.Debug|Any CPU.Build.0 = Debug|Any CPU
		{1911E9AE-5063-4DED-A712-3659494E30E5}.Release|Any CPU.ActiveCfg = Release|Any CPU
		{1911E9AE-5063-4DED-A712-3659494E30E5}.Release|Any CPU.Build.0 = Release|Any CPU
		{E2751C4F-D9CC-4364-BC7A-23BACD2C1BBD}.Debug|Any CPU.ActiveCfg = Debug|Any CPU
		{E2751C4F-D9CC-4364-BC7A-23BACD2C1BBD}.Debug|Any CPU.Build.0 = Debug|Any CPU
		{E2751C4F-D9CC-4364-BC7A-23BACD2C1BBD}.Release|Any CPU.ActiveCfg = Release|Any CPU
		{E2751C4F-D9CC-4364-BC7A-23BACD2C1BBD}.Release|Any CPU.Build.0 = Release|Any CPU
	EndGlobalSection
	GlobalSection(SolutionProperties) = preSolution
		HideSolutionNode = FALSE
	EndGlobalSection
	GlobalSection(ExtensibilityGlobals) = postSolution
		SolutionGuid = {0D7C31F6-C28D-46F3-B06E-6796EB88FF15}
	EndGlobalSection
EndGlobal
